version: 5
environments:
  default:
    channels:
    - url: https://conda.anaconda.org/conda-forge/
    packages:
      linux-aarch64:
      - conda: https://conda.anaconda.org/conda-forge/linux-aarch64/_openmp_mutex-4.5-2_gnu.tar.bz2
      - conda: https://conda.anaconda.org/conda-forge/linux-aarch64/at-spi2-atk-2.38.0-h1f2db35_3.tar.bz2
      - conda: https://conda.anaconda.org/conda-forge/linux-aarch64/at-spi2-core-2.40.3-h1f2db35_0.tar.bz2
      - conda: https://conda.anaconda.org/conda-forge/linux-aarch64/atk-1.0-2.38.0-hedc4a1f_2.conda
      - conda: https://conda.anaconda.org/conda-forge/linux-aarch64/atk-2.38.0-h8af1aa0_2.conda
      - conda: https://conda.anaconda.org/conda-forge/linux-aarch64/bzip2-1.0.8-h68df207_7.conda
      - conda: https://conda.anaconda.org/conda-forge/linux-aarch64/ca-certificates-2024.8.30-hcefe29a_0.conda
      - conda: https://conda.anaconda.org/conda-forge/linux-aarch64/cairo-1.18.0-hdb1a16f_3.conda
      - conda: https://conda.anaconda.org/conda-forge/linux-aarch64/dbus-1.13.6-h12b9eeb_3.tar.bz2
      - conda: https://conda.anaconda.org/conda-forge/linux-aarch64/epoxy-1.5.10-h4e544f5_1.tar.bz2
      - conda: https://conda.anaconda.org/conda-forge/linux-aarch64/expat-2.6.3-h5ad3122_0.conda
      - conda: https://conda.anaconda.org/conda-forge/noarch/font-ttf-dejavu-sans-mono-2.37-hab24e00_0.tar.bz2
      - conda: https://conda.anaconda.org/conda-forge/noarch/font-ttf-inconsolata-3.000-h77eed37_0.tar.bz2
      - conda: https://conda.anaconda.org/conda-forge/noarch/font-ttf-source-code-pro-2.038-h77eed37_0.tar.bz2
      - conda: https://conda.anaconda.org/conda-forge/noarch/font-ttf-ubuntu-0.83-h77eed37_3.conda
      - conda: https://conda.anaconda.org/conda-forge/linux-aarch64/fontconfig-2.14.2-ha9a116f_0.conda
      - conda: https://conda.anaconda.org/conda-forge/noarch/fonts-conda-ecosystem-1-0.tar.bz2
      - conda: https://conda.anaconda.org/conda-forge/noarch/fonts-conda-forge-1-0.tar.bz2
      - conda: https://conda.anaconda.org/conda-forge/linux-aarch64/freetype-2.12.1-hf0a5ef3_2.conda
      - conda: https://conda.anaconda.org/conda-forge/linux-aarch64/fribidi-1.0.10-hb9de7d4_0.tar.bz2
      - conda: https://conda.anaconda.org/conda-forge/linux-aarch64/gdk-pixbuf-2.42.12-ha61d561_0.conda
      - conda: https://conda.anaconda.org/conda-forge/linux-aarch64/glib-tools-2.82.2-h78ca943_0.conda
      - conda: https://conda.anaconda.org/conda-forge/linux-aarch64/graphite2-1.3.13-h2f0025b_1003.conda
      - conda: https://conda.anaconda.org/conda-forge/linux-aarch64/gtk3-3.24.43-he43cd7e_1.conda
      - conda: https://conda.anaconda.org/conda-forge/linux-aarch64/harfbuzz-9.0.0-hbf49d6b_1.conda
      - conda: https://conda.anaconda.org/conda-forge/linux-aarch64/hicolor-icon-theme-0.17-h8af1aa0_2.tar.bz2
      - conda: https://conda.anaconda.org/conda-forge/linux-aarch64/icu-75.1-hf9b3779_0.conda
      - conda: https://conda.anaconda.org/conda-forge/linux-aarch64/keyutils-1.6.1-h4e544f5_0.tar.bz2
      - conda: https://conda.anaconda.org/conda-forge/linux-aarch64/krb5-1.21.3-h50a48e9_0.conda
      - conda: https://conda.anaconda.org/conda-forge/linux-aarch64/lerc-4.0.0-h4de3ea5_0.tar.bz2
      - conda: https://conda.anaconda.org/conda-forge/linux-aarch64/libcups-2.3.3-h405e4a8_4.conda
      - conda: https://conda.anaconda.org/conda-forge/linux-aarch64/libdeflate-1.22-h86ecc28_0.conda
      - conda: https://conda.anaconda.org/conda-forge/linux-aarch64/libedit-3.1.20191231-he28a2e2_2.tar.bz2
      - conda: https://conda.anaconda.org/conda-forge/linux-aarch64/libexpat-2.6.3-h5ad3122_0.conda
      - conda: https://conda.anaconda.org/conda-forge/linux-aarch64/libffi-3.4.2-h3557bc0_5.tar.bz2
      - conda: https://conda.anaconda.org/conda-forge/linux-aarch64/libgcc-14.2.0-he277a41_1.conda
      - conda: https://conda.anaconda.org/conda-forge/linux-aarch64/libgcc-ng-14.2.0-he9431aa_1.conda
      - conda: https://conda.anaconda.org/conda-forge/linux-aarch64/libglib-2.82.2-hc486b8e_0.conda
      - conda: https://conda.anaconda.org/conda-forge/linux-aarch64/libgomp-14.2.0-he277a41_1.conda
      - conda: https://conda.anaconda.org/conda-forge/linux-aarch64/libiconv-1.17-h31becfc_2.conda
      - conda: https://conda.anaconda.org/conda-forge/linux-aarch64/libjpeg-turbo-3.0.0-h31becfc_1.conda
      - conda: https://conda.anaconda.org/conda-forge/linux-aarch64/libpng-1.6.44-hc4a20ef_0.conda
      - conda: https://conda.anaconda.org/conda-forge/linux-aarch64/libstdcxx-14.2.0-h3f4de04_1.conda
      - conda: https://conda.anaconda.org/conda-forge/linux-aarch64/libstdcxx-ng-14.2.0-hf1166c9_1.conda
      - conda: https://conda.anaconda.org/conda-forge/linux-aarch64/libtiff-4.7.0-hec21d91_1.conda
      - conda: https://conda.anaconda.org/conda-forge/linux-aarch64/libuuid-2.38.1-hb4cce97_0.conda
      - conda: https://conda.anaconda.org/conda-forge/linux-aarch64/libwebp-base-1.4.0-h31becfc_0.conda
      - conda: https://conda.anaconda.org/conda-forge/linux-aarch64/libxcb-1.17.0-h262b8f6_0.conda
      - conda: https://conda.anaconda.org/conda-forge/linux-aarch64/libxkbcommon-1.7.0-h46f2afe_1.conda
      - conda: https://conda.anaconda.org/conda-forge/linux-aarch64/libxml2-2.12.7-h00a45b3_4.conda
      - conda: https://conda.anaconda.org/conda-forge/linux-aarch64/libzlib-1.3.1-h86ecc28_2.conda
      - conda: https://conda.anaconda.org/conda-forge/linux-aarch64/ncurses-6.5-hcccb83c_1.conda
      - conda: https://conda.anaconda.org/conda-forge/linux-aarch64/openssl-3.3.2-h86ecc28_0.conda
      - conda: https://conda.anaconda.org/conda-forge/linux-aarch64/pango-1.54.0-h7579590_1.conda
      - conda: https://conda.anaconda.org/conda-forge/linux-aarch64/pcre2-10.44-h070dd5b_2.conda
      - conda: https://conda.anaconda.org/conda-forge/linux-aarch64/pixman-0.43.4-h2f0025b_0.conda
      - conda: https://conda.anaconda.org/conda-forge/linux-aarch64/pthread-stubs-0.4-h86ecc28_1002.conda
      - conda: https://conda.anaconda.org/conda-forge/linux-aarch64/wayland-1.23.1-h698ed42_0.conda
      - conda: https://conda.anaconda.org/conda-forge/linux-aarch64/xkeyboard-config-2.43-h86ecc28_0.conda
      - conda: https://conda.anaconda.org/conda-forge/linux-aarch64/xorg-libice-1.1.1-h57736b2_1.conda
      - conda: https://conda.anaconda.org/conda-forge/linux-aarch64/xorg-libsm-1.2.4-hbac51e1_1.conda
      - conda: https://conda.anaconda.org/conda-forge/linux-aarch64/xorg-libx11-1.8.9-he755bbd_2.conda
      - conda: https://conda.anaconda.org/conda-forge/linux-aarch64/xorg-libxau-1.0.11-h86ecc28_1.conda
      - conda: https://conda.anaconda.org/conda-forge/linux-aarch64/xorg-libxcomposite-0.4.6-h86ecc28_2.conda
      - conda: https://conda.anaconda.org/conda-forge/linux-aarch64/xorg-libxcursor-1.2.2-h86ecc28_0.conda
      - conda: https://conda.anaconda.org/conda-forge/linux-aarch64/xorg-libxdamage-1.1.6-h86ecc28_0.conda
      - conda: https://conda.anaconda.org/conda-forge/linux-aarch64/xorg-libxdmcp-1.1.5-h57736b2_0.conda
      - conda: https://conda.anaconda.org/conda-forge/linux-aarch64/xorg-libxext-1.3.6-h57736b2_0.conda
      - conda: https://conda.anaconda.org/conda-forge/linux-aarch64/xorg-libxfixes-6.0.1-h57736b2_0.conda
      - conda: https://conda.anaconda.org/conda-forge/linux-aarch64/xorg-libxi-1.8.2-h57736b2_0.conda
      - conda: https://conda.anaconda.org/conda-forge/linux-aarch64/xorg-libxinerama-1.1.5-h5ad3122_1.conda
      - conda: https://conda.anaconda.org/conda-forge/linux-aarch64/xorg-libxrandr-1.5.4-h86ecc28_0.conda
      - conda: https://conda.anaconda.org/conda-forge/linux-aarch64/xorg-libxrender-0.9.11-h57736b2_1.conda
      - conda: https://conda.anaconda.org/conda-forge/linux-aarch64/xorg-libxtst-1.2.5-h57736b2_3.conda
      - conda: https://conda.anaconda.org/conda-forge/linux-aarch64/xorg-xorgproto-2024.1-h86ecc28_1.conda
      - conda: https://conda.anaconda.org/conda-forge/linux-aarch64/xz-5.2.6-h9cdd2b7_0.tar.bz2
      - conda: https://conda.anaconda.org/conda-forge/linux-aarch64/zlib-1.3.1-h86ecc28_2.conda
      - conda: https://conda.anaconda.org/conda-forge/linux-aarch64/zstd-1.5.6-h02f22dd_0.conda
packages:
- kind: conda
  name: _openmp_mutex
  version: '4.5'
  build: 2_gnu
  build_number: 16
  subdir: linux-aarch64
  url: https://conda.anaconda.org/conda-forge/linux-aarch64/_openmp_mutex-4.5-2_gnu.tar.bz2
  sha256: 3702bef2f0a4d38bd8288bbe54aace623602a1343c2cfbefd3fa188e015bebf0
  md5: 6168d71addc746e8f2b8d57dfd2edcea
  depends:
  - libgomp >=7.5.0
  constrains:
  - openmp_impl 9999
  license: BSD-3-Clause
  license_family: BSD
  size: 23712
  timestamp: 1650670790230
- kind: conda
  name: at-spi2-atk
  version: 2.38.0
  build: h1f2db35_3
  build_number: 3
  subdir: linux-aarch64
  url: https://conda.anaconda.org/conda-forge/linux-aarch64/at-spi2-atk-2.38.0-h1f2db35_3.tar.bz2
  sha256: c2c2c998d49c061e390537f929e77ce6b023ef22b51a0f55692d6df7327f3358
  md5: 4ea9d4634f3b054549be5e414291801e
  depends:
  - at-spi2-core >=2.40.0,<2.41.0a0
  - atk-1.0 >=2.36.0
  - dbus >=1.13.6,<2.0a0
  - libgcc-ng >=9.3.0
  - libglib >=2.68.1,<3.0a0
  license: LGPL-2.1-or-later
  license_family: LGPL
  size: 322172
  timestamp: 1619123713021
- kind: conda
  name: at-spi2-core
  version: 2.40.3
  build: h1f2db35_0
  subdir: linux-aarch64
  url: https://conda.anaconda.org/conda-forge/linux-aarch64/at-spi2-core-2.40.3-h1f2db35_0.tar.bz2
  sha256: cd48de9674a20133e70a643476accc1a63360c921ab49477638364877937a40d
  md5: a12602a94ee402b57063ef74e82016c0
  depends:
  - dbus >=1.13.6,<2.0a0
  - libgcc-ng >=9.3.0
  - libglib >=2.68.3,<3.0a0
  - xorg-libx11
  - xorg-libxi
  - xorg-libxtst
  license: LGPL-2.1-or-later
  license_family: LGPL
  size: 622407
  timestamp: 1625848355776
- kind: conda
  name: atk
  version: 2.38.0
  build: h8af1aa0_2
  build_number: 2
  subdir: linux-aarch64
  url: https://conda.anaconda.org/conda-forge/linux-aarch64/atk-2.38.0-h8af1aa0_2.conda
  sha256: 41f566e65bcd900cbdabd5a79a6009d8ad7431d6f38b6ed0a729bd08055133c8
  md5: a1b771df870c1ea6d2ec8b74cd67587f
  depends:
  - atk-1.0 2.38.0.*
  license: LGPL-2.0-or-later
  license_family: LGPL
  size: 15922
  timestamp: 1713898368717
- kind: conda
  name: atk-1.0
  version: 2.38.0
  build: hedc4a1f_2
  build_number: 2
  subdir: linux-aarch64
  url: https://conda.anaconda.org/conda-forge/linux-aarch64/atk-1.0-2.38.0-hedc4a1f_2.conda
  sha256: 69f70048a1a915be7b8ad5d2cbb7bf020baa989b5506e45a676ef4ef5106c4f0
  md5: 9308557e2328f944bd5809c5630761af
  depends:
  - libgcc-ng >=12
  - libglib >=2.80.0,<3.0a0
  - libstdcxx-ng >=12
  constrains:
  - atk-1.0 2.38.0
  license: LGPL-2.0-or-later
  license_family: LGPL
  size: 358327
  timestamp: 1713898303194
- kind: conda
  name: bzip2
  version: 1.0.8
  build: h68df207_7
  build_number: 7
  subdir: linux-aarch64
  url: https://conda.anaconda.org/conda-forge/linux-aarch64/bzip2-1.0.8-h68df207_7.conda
  sha256: 2258b0b33e1cb3a9852d47557984abb6e7ea58e3d7f92706ec1f8e879290c4cb
  md5: 56398c28220513b9ea13d7b450acfb20
  depends:
  - libgcc-ng >=12
  license: bzip2-1.0.6
  license_family: BSD
  size: 189884
  timestamp: 1720974504976
- kind: conda
  name: ca-certificates
  version: 2024.8.30
  build: hcefe29a_0
  subdir: linux-aarch64
  url: https://conda.anaconda.org/conda-forge/linux-aarch64/ca-certificates-2024.8.30-hcefe29a_0.conda
  sha256: 2a2d827bee3775a85f0f1b2f2089291475c4416336d1b3a8cbce2964db547af8
  md5: 70e57e8f59d2c98f86b49c69e5074be5
  license: ISC
  size: 159106
  timestamp: 1725020043153
- kind: conda
  name: cairo
  version: 1.18.0
  build: hdb1a16f_3
  build_number: 3
  subdir: linux-aarch64
  url: https://conda.anaconda.org/conda-forge/linux-aarch64/cairo-1.18.0-hdb1a16f_3.conda
  sha256: 8a747ad6ce32228a85c80bef8ec7387d71f8d2b0bf637edb56ff33e09794c616
  md5: 080659f02bf2202c57f1cda4f9e51f21
  depends:
  - fontconfig >=2.14.2,<3.0a0
  - fonts-conda-ecosystem
  - freetype >=2.12.1,<3.0a0
  - icu >=75.1,<76.0a0
  - libgcc-ng >=12
  - libglib >=2.80.3,<3.0a0
  - libpng >=1.6.43,<1.7.0a0
  - libstdcxx-ng >=12
  - libxcb >=1.16,<2.0.0a0
  - libzlib >=1.3.1,<2.0a0
  - pixman >=0.43.4,<1.0a0
  - xorg-libice >=1.1.1,<2.0a0
  - xorg-libsm >=1.2.4,<2.0a0
  - xorg-libx11 >=1.8.9,<2.0a0
  - xorg-libxext >=1.3.4,<2.0a0
  - xorg-libxrender >=0.9.11,<0.10.0a0
  - zlib
  license: LGPL-2.1-only or MPL-1.1
  size: 966709
  timestamp: 1721138947987
- kind: conda
  name: dbus
  version: 1.13.6
  build: h12b9eeb_3
  build_number: 3
  subdir: linux-aarch64
  url: https://conda.anaconda.org/conda-forge/linux-aarch64/dbus-1.13.6-h12b9eeb_3.tar.bz2
  sha256: 5fe76bdf27a142cfb9da0fb3197c562e528d2622b573765bee5c9904cf5e6b6b
  md5: f3d63805602166bac09386741e00935e
  depends:
  - expat >=2.4.2,<3.0a0
  - libgcc-ng >=9.4.0
  - libglib >=2.70.2,<3.0a0
  license: GPL-2.0-or-later
  license_family: GPL
  size: 672759
  timestamp: 1640113663539
- kind: conda
  name: epoxy
  version: 1.5.10
  build: h4e544f5_1
  build_number: 1
  subdir: linux-aarch64
  url: https://conda.anaconda.org/conda-forge/linux-aarch64/epoxy-1.5.10-h4e544f5_1.tar.bz2
  sha256: 2cdd3965353b24f49bd8d4aafaaf282968509dc600350c25d0d29355990af834
  md5: e3000ef63f6250283a6ca13d38e3e8be
  depends:
  - libgcc-ng >=10.3.0
  license: MIT
  license_family: MIT
  size: 1455489
  timestamp: 1648505885929
- kind: conda
  name: expat
  version: 2.6.3
  build: h5ad3122_0
  subdir: linux-aarch64
  url: https://conda.anaconda.org/conda-forge/linux-aarch64/expat-2.6.3-h5ad3122_0.conda
  sha256: c827521e080d0f3395655924f1c364d48a1eac1ff3e193a12d0441e9c3b51e91
  md5: 901a44b341632b0c233756ed5abcd78b
  depends:
  - libexpat 2.6.3 h5ad3122_0
  - libgcc >=13
  license: MIT
  license_family: MIT
  size: 130283
  timestamp: 1725568848182
- kind: conda
  name: font-ttf-dejavu-sans-mono
  version: '2.37'
  build: hab24e00_0
  subdir: noarch
  noarch: generic
  url: https://conda.anaconda.org/conda-forge/noarch/font-ttf-dejavu-sans-mono-2.37-hab24e00_0.tar.bz2
  sha256: 58d7f40d2940dd0a8aa28651239adbf5613254df0f75789919c4e6762054403b
  md5: 0c96522c6bdaed4b1566d11387caaf45
  license: BSD-3-Clause
  license_family: BSD
  size: 397370
  timestamp: 1566932522327
- kind: conda
  name: font-ttf-inconsolata
  version: '3.000'
  build: h77eed37_0
  subdir: noarch
  noarch: generic
  url: https://conda.anaconda.org/conda-forge/noarch/font-ttf-inconsolata-3.000-h77eed37_0.tar.bz2
  sha256: c52a29fdac682c20d252facc50f01e7c2e7ceac52aa9817aaf0bb83f7559ec5c
  md5: 34893075a5c9e55cdafac56607368fc6
  license: OFL-1.1
  license_family: Other
  size: 96530
  timestamp: 1620479909603
- kind: conda
  name: font-ttf-source-code-pro
  version: '2.038'
  build: h77eed37_0
  subdir: noarch
  noarch: generic
  url: https://conda.anaconda.org/conda-forge/noarch/font-ttf-source-code-pro-2.038-h77eed37_0.tar.bz2
  sha256: 00925c8c055a2275614b4d983e1df637245e19058d79fc7dd1a93b8d9fb4b139
  md5: 4d59c254e01d9cde7957100457e2d5fb
  license: OFL-1.1
  license_family: Other
  size: 700814
  timestamp: 1620479612257
- kind: conda
  name: font-ttf-ubuntu
  version: '0.83'
  build: h77eed37_3
  build_number: 3
  subdir: noarch
  noarch: generic
  url: https://conda.anaconda.org/conda-forge/noarch/font-ttf-ubuntu-0.83-h77eed37_3.conda
  sha256: 2821ec1dc454bd8b9a31d0ed22a7ce22422c0aef163c59f49dfdf915d0f0ca14
  md5: 49023d73832ef61042f6a237cb2687e7
  license: LicenseRef-Ubuntu-Font-Licence-Version-1.0
  license_family: Other
  size: 1620504
  timestamp: 1727511233259
- kind: conda
  name: fontconfig
  version: 2.14.2
  build: ha9a116f_0
  subdir: linux-aarch64
  url: https://conda.anaconda.org/conda-forge/linux-aarch64/fontconfig-2.14.2-ha9a116f_0.conda
  sha256: 71143b04d9beeb76264a54cb42a2953ff858a95f7383531fcb3a33ac6433e7f6
  md5: 6d2d19ea85f9d41534cd28fdefd59a25
  depends:
  - expat >=2.5.0,<3.0a0
  - freetype >=2.12.1,<3.0a0
  - libgcc-ng >=12
  - libuuid >=2.32.1,<3.0a0
  - libzlib >=1.2.13,<2.0.0a0
  license: MIT
  license_family: MIT
  size: 280375
  timestamp: 1674830224830
- kind: conda
  name: fonts-conda-ecosystem
  version: '1'
  build: '0'
  subdir: noarch
  noarch: generic
  url: https://conda.anaconda.org/conda-forge/noarch/fonts-conda-ecosystem-1-0.tar.bz2
  sha256: a997f2f1921bb9c9d76e6fa2f6b408b7fa549edd349a77639c9fe7a23ea93e61
  md5: fee5683a3f04bd15cbd8318b096a27ab
  depends:
  - fonts-conda-forge
  license: BSD-3-Clause
  license_family: BSD
  size: 3667
  timestamp: 1566974674465
- kind: conda
  name: fonts-conda-forge
  version: '1'
  build: '0'
  subdir: noarch
  noarch: generic
  url: https://conda.anaconda.org/conda-forge/noarch/fonts-conda-forge-1-0.tar.bz2
  sha256: 53f23a3319466053818540bcdf2091f253cbdbab1e0e9ae7b9e509dcaa2a5e38
  md5: f766549260d6815b0c52253f1fb1bb29
  depends:
  - font-ttf-dejavu-sans-mono
  - font-ttf-inconsolata
  - font-ttf-source-code-pro
  - font-ttf-ubuntu
  license: BSD-3-Clause
  license_family: BSD
  size: 4102
  timestamp: 1566932280397
- kind: conda
  name: freetype
  version: 2.12.1
  build: hf0a5ef3_2
  build_number: 2
  subdir: linux-aarch64
  url: https://conda.anaconda.org/conda-forge/linux-aarch64/freetype-2.12.1-hf0a5ef3_2.conda
  sha256: 7af93030f4407f076dce181062360efac2cd54dce863b5d7765287a6f5382537
  md5: a5ab74c5bd158c3d5532b66d8d83d907
  depends:
  - libgcc-ng >=12
  - libpng >=1.6.39,<1.7.0a0
  - libzlib >=1.2.13,<2.0.0a0
  license: GPL-2.0-only OR FTL
  size: 642092
  timestamp: 1694617858496
- kind: conda
  name: fribidi
  version: 1.0.10
  build: hb9de7d4_0
  subdir: linux-aarch64
  url: https://conda.anaconda.org/conda-forge/linux-aarch64/fribidi-1.0.10-hb9de7d4_0.tar.bz2
  sha256: bcb5a40f1aaf4ea8cda2fc6b2b12aa336403772121350281ce31fd2d9d3e214e
  md5: f6c91a43eace6fb926a8730b3b9a8a50
  depends:
  - libgcc-ng >=7.5.0
  license: LGPL-2.1
  size: 115689
  timestamp: 1604417149643
- kind: conda
  name: gdk-pixbuf
  version: 2.42.12
  build: ha61d561_0
  subdir: linux-aarch64
  url: https://conda.anaconda.org/conda-forge/linux-aarch64/gdk-pixbuf-2.42.12-ha61d561_0.conda
  sha256: 608f64aa9cf3085e91da8d417aa7680715130b4da73d8aabc50b19e29de697d2
  md5: 332ed304e6d1c1333ccbdc0fdd722fe9
  depends:
  - libgcc-ng >=12
  - libglib >=2.80.2,<3.0a0
  - libjpeg-turbo >=3.0.0,<4.0a0
  - libpng >=1.6.43,<1.7.0a0
  - libtiff >=4.6.0,<4.8.0a0
  license: LGPL-2.1-or-later
  license_family: LGPL
  size: 536613
  timestamp: 1715784386033
- kind: conda
  name: glib-tools
  version: 2.82.2
  build: h78ca943_0
  subdir: linux-aarch64
  url: https://conda.anaconda.org/conda-forge/linux-aarch64/glib-tools-2.82.2-h78ca943_0.conda
  sha256: 4f8eaa6d7fe07a6e6bc06787256a416b14d4ed424474b11875d0ca7aeff1256c
  md5: 3053283d0c0e78ab5935c9e17f803358
  depends:
  - libgcc >=13
  - libglib 2.82.2 hc486b8e_0
  license: LGPL-2.1-or-later
  size: 126325
  timestamp: 1729191584153
- kind: conda
  name: graphite2
  version: 1.3.13
  build: h2f0025b_1003
  build_number: 1003
  subdir: linux-aarch64
  url: https://conda.anaconda.org/conda-forge/linux-aarch64/graphite2-1.3.13-h2f0025b_1003.conda
  sha256: c7585e1fb536120583790080f3b3875c04d5f2d64eafbc87e9aa39895e4118c0
  md5: f33009add6a08358bc12d114ceec1304
  depends:
  - libgcc-ng >=12
  - libstdcxx-ng >=12
  license: LGPL-2.0-or-later
  license_family: LGPL
  size: 99453
  timestamp: 1711634223220
- kind: conda
  name: gtk3
  version: 3.24.43
  build: he43cd7e_1
  build_number: 1
  subdir: linux-aarch64
  url: https://conda.anaconda.org/conda-forge/linux-aarch64/gtk3-3.24.43-he43cd7e_1.conda
  sha256: 2223d07749679124566781376305907b09264f0105e0ba046cd6a95e8310a93f
  md5: c3bdd680d37064422651a5ce826476b9
  depends:
  - at-spi2-atk >=2.38.0,<3.0a0
  - atk-1.0 >=2.38.0
  - cairo >=1.18.0,<2.0a0
  - epoxy >=1.5.10,<1.6.0a0
  - fontconfig >=2.14.2,<3.0a0
  - fonts-conda-ecosystem
  - fribidi >=1.0.10,<2.0a0
  - gdk-pixbuf >=2.42.12,<3.0a0
  - glib-tools
  - harfbuzz >=9.0.0,<10.0a0
  - hicolor-icon-theme
  - libcups >=2.3.3,<2.4.0a0
  - libcups >=2.3.3,<3.0a0
  - libgcc-ng >=12
  - libglib >=2.80.3,<3.0a0
  - libxkbcommon >=1.7.0,<2.0a0
  - pango >=1.54.0,<2.0a0
  - wayland >=1.23.0,<2.0a0
  - xorg-libx11 >=1.8.9,<2.0a0
  - xorg-libxcomposite
  - xorg-libxcursor
  - xorg-libxdamage
  - xorg-libxext >=1.3.4,<2.0a0
  - xorg-libxfixes
  - xorg-libxi
  - xorg-libxinerama >=1.1.5,<1.2.0a0
  - xorg-libxrandr
  - xorg-libxrender >=0.9.11,<0.10.0a0
  license: LGPL-2.0-or-later
  license_family: LGPL
  size: 5659966
  timestamp: 1721324469532
- kind: conda
  name: harfbuzz
  version: 9.0.0
  build: hbf49d6b_1
  build_number: 1
  subdir: linux-aarch64
  url: https://conda.anaconda.org/conda-forge/linux-aarch64/harfbuzz-9.0.0-hbf49d6b_1.conda
  sha256: 7496782c3bc0ebbb4de9bc92a3111f42b8a57417fa31ecb87058f250215fabc9
  md5: ceb458f664cab8550fcd74fff26451db
  depends:
  - cairo >=1.18.0,<2.0a0
  - freetype >=2.12.1,<3.0a0
  - graphite2
  - icu >=75.1,<76.0a0
  - libgcc-ng >=12
  - libglib >=2.80.3,<3.0a0
  - libstdcxx-ng >=12
  license: MIT
  license_family: MIT
  size: 1614644
  timestamp: 1721188789883
- kind: conda
  name: hicolor-icon-theme
  version: '0.17'
  build: h8af1aa0_2
  build_number: 2
  subdir: linux-aarch64
  url: https://conda.anaconda.org/conda-forge/linux-aarch64/hicolor-icon-theme-0.17-h8af1aa0_2.tar.bz2
  sha256: 479a0f95cf3e7d7db795fb7a14337cab73c2c926a5599c8512a3e8f8466f9e54
  md5: 331add9f855e921695d7b569aa23d5ec
  license: GPL-2.0-or-later
  license_family: GPL
  size: 13896
  timestamp: 1605162856037
- kind: conda
  name: icu
  version: '75.1'
  build: hf9b3779_0
  subdir: linux-aarch64
  url: https://conda.anaconda.org/conda-forge/linux-aarch64/icu-75.1-hf9b3779_0.conda
  sha256: 813298f2e54ef087dbfc9cc2e56e08ded41de65cff34c639cc8ba4e27e4540c9
  md5: 268203e8b983fddb6412b36f2024e75c
  depends:
  - libgcc-ng >=12
  - libstdcxx-ng >=12
  license: MIT
  license_family: MIT
  size: 12282786
  timestamp: 1720853454991
- kind: conda
  name: keyutils
  version: 1.6.1
  build: h4e544f5_0
  subdir: linux-aarch64
  url: https://conda.anaconda.org/conda-forge/linux-aarch64/keyutils-1.6.1-h4e544f5_0.tar.bz2
  sha256: 6d4233d97a9b38acbb26e1268bcf8c10a8e79c2aed7e5a385ec3769967e3e65b
  md5: 1f24853e59c68892452ef94ddd8afd4b
  depends:
  - libgcc-ng >=10.3.0
  license: LGPL-2.1-or-later
  size: 112327
  timestamp: 1646166857935
- kind: conda
  name: krb5
  version: 1.21.3
  build: h50a48e9_0
  subdir: linux-aarch64
  url: https://conda.anaconda.org/conda-forge/linux-aarch64/krb5-1.21.3-h50a48e9_0.conda
  sha256: 0ec272afcf7ea7fbf007e07a3b4678384b7da4047348107b2ae02630a570a815
  md5: 29c10432a2ca1472b53f299ffb2ffa37
  depends:
  - keyutils >=1.6.1,<2.0a0
  - libedit >=3.1.20191231,<3.2.0a0
  - libedit >=3.1.20191231,<4.0a0
  - libgcc-ng >=12
  - libstdcxx-ng >=12
  - openssl >=3.3.1,<4.0a0
  license: MIT
  license_family: MIT
  size: 1474620
  timestamp: 1719463205834
- kind: conda
  name: lerc
  version: 4.0.0
  build: h4de3ea5_0
  subdir: linux-aarch64
  url: https://conda.anaconda.org/conda-forge/linux-aarch64/lerc-4.0.0-h4de3ea5_0.tar.bz2
  sha256: 2d09ef9b7796d83364957e420b41c32d94e628c3f0520b61c332518a7b5cd586
  md5: 1a0ffc65e03ce81559dbcb0695ad1476
  depends:
  - libgcc-ng >=12
  - libstdcxx-ng >=12
  license: Apache-2.0
  license_family: Apache
  size: 262096
  timestamp: 1657978241894
- kind: conda
  name: libcups
  version: 2.3.3
  build: h405e4a8_4
  build_number: 4
  subdir: linux-aarch64
  url: https://conda.anaconda.org/conda-forge/linux-aarch64/libcups-2.3.3-h405e4a8_4.conda
  sha256: f9007d5ca44741de72f9d7be03e74c911b61af062ed7a3761594675f30f5890c
  md5: d42c670b0c96c1795fd859d5e0275a55
  depends:
  - krb5 >=1.21.1,<1.22.0a0
  - libgcc-ng >=12
  - libstdcxx-ng >=12
  - libzlib >=1.2.13,<2.0.0a0
  license: Apache-2.0
  license_family: Apache
  size: 4551247
  timestamp: 1689195336749
- kind: conda
  name: libdeflate
  version: '1.22'
  build: h86ecc28_0
  subdir: linux-aarch64
  url: https://conda.anaconda.org/conda-forge/linux-aarch64/libdeflate-1.22-h86ecc28_0.conda
  sha256: 986207f130703897300ddc3637c52e86a5b21c735fe384bf48554d9a6d91c56d
  md5: ff6a44e8b1707d02be2fe9a36ea88d4a
  depends:
  - libgcc >=13
  license: MIT
  license_family: MIT
  size: 69601
  timestamp: 1728177137503
- kind: conda
  name: libedit
  version: 3.1.20191231
  build: he28a2e2_2
  build_number: 2
  subdir: linux-aarch64
  url: https://conda.anaconda.org/conda-forge/linux-aarch64/libedit-3.1.20191231-he28a2e2_2.tar.bz2
  sha256: debc31fb2f07ba2b0363f90e455873670734082822926ba4a9556431ec0bf36d
  md5: 29371161d77933a54fccf1bb66b96529
  depends:
  - libgcc-ng >=7.5.0
  - ncurses >=6.2,<7.0.0a0
  license: BSD-2-Clause
  license_family: BSD
  size: 134104
  timestamp: 1597617110769
- kind: conda
  name: libexpat
  version: 2.6.3
  build: h5ad3122_0
  subdir: linux-aarch64
  url: https://conda.anaconda.org/conda-forge/linux-aarch64/libexpat-2.6.3-h5ad3122_0.conda
  sha256: 02341c9c35128055fd404dfe675832b80f2bf9dbb99539457652c11c06e52757
  md5: 1d2b842bb76e268625e8ee8d0a9fe8c3
  depends:
  - libgcc >=13
  constrains:
  - expat 2.6.3.*
  license: MIT
  license_family: MIT
  size: 72342
  timestamp: 1725568840022
- kind: conda
  name: libffi
  version: 3.4.2
  build: h3557bc0_5
  build_number: 5
  subdir: linux-aarch64
  url: https://conda.anaconda.org/conda-forge/linux-aarch64/libffi-3.4.2-h3557bc0_5.tar.bz2
  sha256: 7e9258a102480757fe3faeb225a3ca04dffd10fecd2a958c65cdb4cdf75f2c3c
  md5: dddd85f4d52121fab0a8b099c5e06501
  depends:
  - libgcc-ng >=9.4.0
  license: MIT
  license_family: MIT
  size: 59450
  timestamp: 1636488255090
- kind: conda
  name: libgcc
  version: 14.2.0
  build: he277a41_1
  build_number: 1
  subdir: linux-aarch64
  url: https://conda.anaconda.org/conda-forge/linux-aarch64/libgcc-14.2.0-he277a41_1.conda
  sha256: 5d56757ccad208c79214395b00d006d8d18929a4ba49c47bd9460789a7620943
  md5: 511b511c5445e324066c3377481bcab8
  depends:
  - _openmp_mutex >=4.5
  constrains:
  - libgcc-ng ==14.2.0=*_1
  - libgomp 14.2.0 he277a41_1
  license: GPL-3.0-only WITH GCC-exception-3.1
  license_family: GPL
  size: 535243
  timestamp: 1729089435134
- kind: conda
  name: libgcc-ng
  version: 14.2.0
  build: he9431aa_1
  build_number: 1
  subdir: linux-aarch64
  url: https://conda.anaconda.org/conda-forge/linux-aarch64/libgcc-ng-14.2.0-he9431aa_1.conda
  sha256: 9b5cf168a6c7361cae869cb74b716766ee7c6d6b3f6172b32ba9bf91135efdc4
  md5: 0694c249c61469f2c0f7e2990782af21
  depends:
  - libgcc 14.2.0 he277a41_1
  license: GPL-3.0-only WITH GCC-exception-3.1
  license_family: GPL
  size: 54104
  timestamp: 1729089444587
- kind: conda
  name: libglib
  version: 2.82.2
  build: hc486b8e_0
  subdir: linux-aarch64
  url: https://conda.anaconda.org/conda-forge/linux-aarch64/libglib-2.82.2-hc486b8e_0.conda
  sha256: 6797d24de7acd298f81a86078c64e4f3fea6d551a3e8892205c9e72a37a7cc3c
  md5: 47f6d85fe47b865e56c539f2ba5f4dad
  depends:
  - libffi >=3.4,<4.0a0
  - libgcc >=13
  - libiconv >=1.17,<2.0a0
  - libzlib >=1.3.1,<2.0a0
  - pcre2 >=10.44,<10.45.0a0
  constrains:
  - glib 2.82.2 *_0
  license: LGPL-2.1-or-later
  size: 4020802
  timestamp: 1729191545578
- kind: conda
  name: libgomp
  version: 14.2.0
  build: he277a41_1
  build_number: 1
  subdir: linux-aarch64
  url: https://conda.anaconda.org/conda-forge/linux-aarch64/libgomp-14.2.0-he277a41_1.conda
  sha256: 5aa53874a5e57a00f2e0c2e2910684eb674429cd5fcb803619b226a73e89aedf
  md5: 376f0e73abbda6d23c0cb749adc195ef
  license: GPL-3.0-only WITH GCC-exception-3.1
  license_family: GPL
  size: 463521
  timestamp: 1729089357313
- kind: conda
  name: libiconv
  version: '1.17'
  build: h31becfc_2
  build_number: 2
  subdir: linux-aarch64
  url: https://conda.anaconda.org/conda-forge/linux-aarch64/libiconv-1.17-h31becfc_2.conda
  sha256: a30e09d089cb75a0d5b8e5c354694c1317da98261185ed65aa3793e741060614
  md5: 9a8eb13f14de7d761555a98712e6df65
  depends:
  - libgcc-ng >=12
  license: LGPL-2.1-only
  size: 705787
  timestamp: 1702684557134
- kind: conda
  name: libjpeg-turbo
  version: 3.0.0
  build: h31becfc_1
  build_number: 1
  subdir: linux-aarch64
  url: https://conda.anaconda.org/conda-forge/linux-aarch64/libjpeg-turbo-3.0.0-h31becfc_1.conda
  sha256: 675bc1f2a8581cd34a86c412663ec29c5f90c1d9f8d11866aa1ade5cdbdf8429
  md5: ed24e702928be089d9ba3f05618515c6
  depends:
  - libgcc-ng >=12
  constrains:
  - jpeg <0.0.0a
  license: IJG AND BSD-3-Clause AND Zlib
  size: 647126
  timestamp: 1694475003570
- kind: conda
  name: libpng
  version: 1.6.44
  build: hc4a20ef_0
  subdir: linux-aarch64
  url: https://conda.anaconda.org/conda-forge/linux-aarch64/libpng-1.6.44-hc4a20ef_0.conda
  sha256: 23b5ce15cf9c6017641a8396bab00ae807dd9f662718cfa7f61de114d0c97647
  md5: 5d25802b25fcc7419fa13e21affaeb3a
  depends:
  - libgcc >=13
  - libzlib >=1.3.1,<2.0a0
  license: zlib-acknowledgement
  size: 294907
  timestamp: 1726236639270
- kind: conda
  name: libstdcxx
  version: 14.2.0
  build: h3f4de04_1
  build_number: 1
  subdir: linux-aarch64
  url: https://conda.anaconda.org/conda-forge/linux-aarch64/libstdcxx-14.2.0-h3f4de04_1.conda
  sha256: 519556d2c93f1b487091ce046d62e762286177f4a670ec10e16005177d0bcab3
  md5: 37f489acd39e22b623d2d1e5ac6d195c
  depends:
  - libgcc 14.2.0 he277a41_1
  license: GPL-3.0-only WITH GCC-exception-3.1
  license_family: GPL
  size: 3816794
  timestamp: 1729089463404
- kind: conda
  name: libstdcxx-ng
  version: 14.2.0
  build: hf1166c9_1
  build_number: 1
  subdir: linux-aarch64
  url: https://conda.anaconda.org/conda-forge/linux-aarch64/libstdcxx-ng-14.2.0-hf1166c9_1.conda
  sha256: 9f97461bd55a2745a7a0941f3502a047f15bfe7bb2952dc7fb204b3202f866fd
  md5: 0e75771b8a03afae5a2c6ce71bc733f5
  depends:
  - libstdcxx 14.2.0 h3f4de04_1
  license: GPL-3.0-only WITH GCC-exception-3.1
  license_family: GPL
  size: 54133
  timestamp: 1729089498541
- kind: conda
  name: libtiff
  version: 4.7.0
  build: hec21d91_1
  build_number: 1
  subdir: linux-aarch64
  url: https://conda.anaconda.org/conda-forge/linux-aarch64/libtiff-4.7.0-hec21d91_1.conda
  sha256: 14ecb9e129b1b5ffd6d4bee48de95cd2cd0973c712e1b965d3ef977cca23936d
  md5: 1f80061f5ba6956fcdc381f34618cd8d
  depends:
  - lerc >=4.0.0,<5.0a0
  - libdeflate >=1.22,<1.23.0a0
  - libgcc >=13
  - libjpeg-turbo >=3.0.0,<4.0a0
  - libstdcxx >=13
  - libwebp-base >=1.4.0,<2.0a0
  - libzlib >=1.3.1,<2.0a0
  - xz >=5.2.6,<6.0a0
  - zstd >=1.5.6,<1.6.0a0
  license: HPND
  size: 464938
  timestamp: 1728232266969
- kind: conda
  name: libuuid
  version: 2.38.1
  build: hb4cce97_0
  subdir: linux-aarch64
  url: https://conda.anaconda.org/conda-forge/linux-aarch64/libuuid-2.38.1-hb4cce97_0.conda
  sha256: 616277b0c5f7616c2cdf36f6c316ea3f9aa5bb35f2d4476a349ab58b9b91675f
  md5: 000e30b09db0b7c775b21695dff30969
  depends:
  - libgcc-ng >=12
  license: BSD-3-Clause
  license_family: BSD
  size: 35720
  timestamp: 1680113474501
- kind: conda
  name: libwebp-base
  version: 1.4.0
  build: h31becfc_0
  subdir: linux-aarch64
  url: https://conda.anaconda.org/conda-forge/linux-aarch64/libwebp-base-1.4.0-h31becfc_0.conda
  sha256: 10dded60f274e29c573cfacf6e96f5d0fc374ee431250374a44cbd773916ab9d
  md5: 5fd7ab3e5f382c70607fbac6335e6e19
  depends:
  - libgcc-ng >=12
  constrains:
  - libwebp 1.4.0
  license: BSD-3-Clause
  license_family: BSD
  size: 363577
  timestamp: 1713201785160
- kind: conda
  name: libxcb
  version: 1.17.0
  build: h262b8f6_0
  subdir: linux-aarch64
  url: https://conda.anaconda.org/conda-forge/linux-aarch64/libxcb-1.17.0-h262b8f6_0.conda
  sha256: 461cab3d5650ac6db73a367de5c8eca50363966e862dcf60181d693236b1ae7b
  md5: cd14ee5cca2464a425b1dbfc24d90db2
  depends:
  - libgcc >=13
  - pthread-stubs
  - xorg-libxau >=1.0.11,<2.0a0
  - xorg-libxdmcp
  license: MIT
  license_family: MIT
  size: 397493
  timestamp: 1727280745441
- kind: conda
  name: libxkbcommon
  version: 1.7.0
  build: h46f2afe_1
  build_number: 1
  subdir: linux-aarch64
  url: https://conda.anaconda.org/conda-forge/linux-aarch64/libxkbcommon-1.7.0-h46f2afe_1.conda
  sha256: 8ed470f72c733aea32bb5d272bf458041add7923d7716d5046bd40edf7ddd67c
  md5: 78a24e611ab9c09c518f519be49c2e46
  depends:
  - libgcc-ng >=12
  - libstdcxx-ng >=12
  - libxcb >=1.16,<2.0.0a0
  - libxml2 >=2.12.7,<3.0a0
  - xkeyboard-config
  - xorg-libxau >=1.0.11,<2.0a0
  license: MIT/X11 Derivative
  license_family: MIT
  size: 596053
  timestamp: 1718819931537
- kind: conda
  name: libxml2
  version: 2.12.7
  build: h00a45b3_4
  build_number: 4
  subdir: linux-aarch64
  url: https://conda.anaconda.org/conda-forge/linux-aarch64/libxml2-2.12.7-h00a45b3_4.conda
  sha256: 1ce32ab0ffbc8938f0820949ea733eb11f2f05355034af12fc6fe708f184fac1
  md5: d25c3e16ee77cd25342e4e235424c758
  depends:
  - icu >=75.1,<76.0a0
  - libgcc-ng >=12
  - libiconv >=1.17,<2.0a0
  - libzlib >=1.3.1,<2.0a0
  - xz >=5.2.6,<6.0a0
  license: MIT
  license_family: MIT
  size: 753275
  timestamp: 1721031124841
- kind: conda
  name: libzlib
  version: 1.3.1
  build: h86ecc28_2
  build_number: 2
  subdir: linux-aarch64
  url: https://conda.anaconda.org/conda-forge/linux-aarch64/libzlib-1.3.1-h86ecc28_2.conda
  sha256: 5a2c1eeef69342e88a98d1d95bff1603727ab1ff4ee0e421522acd8813439b84
  md5: 08aad7cbe9f5a6b460d0976076b6ae64
  depends:
  - libgcc >=13
  constrains:
  - zlib 1.3.1 *_2
  license: Zlib
  license_family: Other
  size: 66657
  timestamp: 1727963199518
- kind: conda
  name: ncurses
  version: '6.5'
  build: hcccb83c_1
  build_number: 1
  subdir: linux-aarch64
  url: https://conda.anaconda.org/conda-forge/linux-aarch64/ncurses-6.5-hcccb83c_1.conda
  sha256: acad4cf1f57b12ee1e42995e6fac646fa06aa026529f05eb8c07eb0a84a47a84
  md5: 91d49c85cacd92caa40cf375ef72a25d
  depends:
  - libgcc-ng >=12
  license: X11 AND BSD-3-Clause
  size: 924472
  timestamp: 1724658573518
- kind: conda
  name: openssl
  version: 3.3.2
  build: h86ecc28_0
  subdir: linux-aarch64
  url: https://conda.anaconda.org/conda-forge/linux-aarch64/openssl-3.3.2-h86ecc28_0.conda
  sha256: 4669d26dbf81e4d72093d8260f55d19d57204d82b1d9440be83d11d313b5990c
  md5: 9e1e477b3f8ee3789297883faffa708b
  depends:
  - ca-certificates
  - libgcc >=13
  license: Apache-2.0
  license_family: Apache
  size: 3428083
  timestamp: 1725412266679
- kind: conda
  name: pango
  version: 1.54.0
  build: h7579590_1
  build_number: 1
  subdir: linux-aarch64
  url: https://conda.anaconda.org/conda-forge/linux-aarch64/pango-1.54.0-h7579590_1.conda
  sha256: 98e1706ef62c766e2a57f14da95d9d6652b594f901cb9a1b6c04208bd616bd99
  md5: 905145a94ad41fce135074a0214616e9
  depends:
  - cairo >=1.18.0,<2.0a0
  - fontconfig >=2.14.2,<3.0a0
  - fonts-conda-ecosystem
  - freetype >=2.12.1,<3.0a0
  - fribidi >=1.0.10,<2.0a0
  - harfbuzz >=9.0.0,<10.0a0
  - libgcc-ng >=12
  - libglib >=2.80.2,<3.0a0
  - libpng >=1.6.43,<1.7.0a0
  license: LGPL-2.1-or-later
  size: 460989
  timestamp: 1719841137355
- kind: conda
  name: pcre2
  version: '10.44'
  build: h070dd5b_2
  build_number: 2
  subdir: linux-aarch64
  url: https://conda.anaconda.org/conda-forge/linux-aarch64/pcre2-10.44-h070dd5b_2.conda
  sha256: e9f4b912e48514771d477f2ee955f59d4ff4ef799c3d4d16e4d0f335ce91df67
  md5: 94022de9682cb1a0bb18a99cbc3541b3
  depends:
  - bzip2 >=1.0.8,<2.0a0
  - libgcc-ng >=12
  - libzlib >=1.3.1,<2.0a0
  license: BSD-3-Clause
  license_family: BSD
  size: 884590
  timestamp: 1723488793100
- kind: conda
  name: pixman
  version: 0.43.4
  build: h2f0025b_0
  subdir: linux-aarch64
  url: https://conda.anaconda.org/conda-forge/linux-aarch64/pixman-0.43.4-h2f0025b_0.conda
  sha256: e145b0d89c800326a20d1afd86c74f9422b81549b17fe53add46c2fa43a4c93e
  md5: 81b2ddea4b0eca188da9c5a7aa4b0cff
  depends:
  - libgcc-ng >=12
  - libstdcxx-ng >=12
  license: MIT
  license_family: MIT
  size: 295064
  timestamp: 1709240909660
- kind: conda
  name: pthread-stubs
  version: '0.4'
  build: h86ecc28_1002
  build_number: 1002
  subdir: linux-aarch64
  url: https://conda.anaconda.org/conda-forge/linux-aarch64/pthread-stubs-0.4-h86ecc28_1002.conda
  sha256: 977dfb0cb3935d748521dd80262fe7169ab82920afd38ed14b7fee2ea5ec01ba
  md5: bb5a90c93e3bac3d5690acf76b4a6386
  depends:
  - libgcc >=13
  license: MIT
  license_family: MIT
  size: 8342
  timestamp: 1726803319942
- kind: conda
  name: wayland
  version: 1.23.1
  build: h698ed42_0
  subdir: linux-aarch64
  url: https://conda.anaconda.org/conda-forge/linux-aarch64/wayland-1.23.1-h698ed42_0.conda
  sha256: 71c591803459e1f68f9ad206a4f2fa3971147502bad8791e94fd18d8362f8ce6
  md5: 2661f9252065051914f1cdf5835e7430
  depends:
  - libexpat >=2.6.2,<3.0a0
  - libffi >=3.4,<4.0a0
  - libgcc-ng >=13
  - libstdcxx-ng >=13
  license: MIT
  license_family: MIT
  size: 324815
  timestamp: 1724530528414
- kind: conda
  name: xkeyboard-config
  version: '2.43'
  build: h86ecc28_0
  subdir: linux-aarch64
  url: https://conda.anaconda.org/conda-forge/linux-aarch64/xkeyboard-config-2.43-h86ecc28_0.conda
  sha256: b3f09cc99b6b7707aa8812bbc7556fd431999ad3a48292e4ff82335b5fda976c
  md5: a809b8e3776fbc05696c82f8cf6f5a92
  depends:
  - libgcc >=13
  - xorg-libx11 >=1.8.9,<2.0a0
  license: MIT
  license_family: MIT
  size: 391011
  timestamp: 1727840308426
- kind: conda
  name: xorg-libice
  version: 1.1.1
  build: h57736b2_1
  build_number: 1
  subdir: linux-aarch64
  url: https://conda.anaconda.org/conda-forge/linux-aarch64/xorg-libice-1.1.1-h57736b2_1.conda
  sha256: 525f197136d0c136dcba68b16d8f3636f27be111d677b2a06d8b99cf3f45ba4a
  md5: 99a9c8245a1cc6dacd292ffeca39425f
  depends:
  - libgcc >=13
  license: MIT
  license_family: MIT
  size: 60151
  timestamp: 1727533134400
- kind: conda
  name: xorg-libsm
  version: 1.2.4
  build: hbac51e1_1
  build_number: 1
  subdir: linux-aarch64
  url: https://conda.anaconda.org/conda-forge/linux-aarch64/xorg-libsm-1.2.4-hbac51e1_1.conda
  sha256: 3d3c78a2e2a915d96b8bf8a670ba91e5abba50f55dc3ff699d345c958118e94c
  md5: 18655ac9fc6624db89b33a89fed51c5f
  depends:
  - libgcc >=13
  - libuuid >=2.38.1,<3.0a0
  - xorg-libice >=1.1.1,<2.0a0
  license: MIT
  license_family: MIT
  size: 28357
  timestamp: 1727635998392
- kind: conda
  name: xorg-libx11
  version: 1.8.9
  build: he755bbd_2
  build_number: 2
  subdir: linux-aarch64
  url: https://conda.anaconda.org/conda-forge/linux-aarch64/xorg-libx11-1.8.9-he755bbd_2.conda
  sha256: bcd9ebdd7ca25d8ab1eb4f3f919113e264a8ad84fa713c48e737e9167a82fb4b
  md5: 7acc45f80415e6ec352b729105dc0375
  depends:
  - libgcc >=13
  - libxcb >=1.17.0,<2.0a0
  - xorg-xorgproto
  license: MIT
  license_family: MIT
  size: 863528
  timestamp: 1727352755656
- kind: conda
  name: xorg-libxau
  version: 1.0.11
  build: h86ecc28_1
  build_number: 1
  subdir: linux-aarch64
  url: https://conda.anaconda.org/conda-forge/linux-aarch64/xorg-libxau-1.0.11-h86ecc28_1.conda
  sha256: a00c4c6054209c84fb460c5e4ae7193c335a9ee1851645c9ad59312438e853f7
  md5: c5f72a733c461aa7785518d29b997cc8
  depends:
  - libgcc >=13
  license: MIT
  license_family: MIT
  size: 15690
  timestamp: 1727036097294
- kind: conda
  name: xorg-libxcomposite
  version: 0.4.6
  build: h86ecc28_2
  build_number: 2
  subdir: linux-aarch64
  url: https://conda.anaconda.org/conda-forge/linux-aarch64/xorg-libxcomposite-0.4.6-h86ecc28_2.conda
  sha256: 0cb82160412adb6d83f03cf50e807a8e944682d556b2215992a6fbe9ced18bc0
  md5: 86051eee0766c3542be24844a9c3cf36
  depends:
  - libgcc >=13
  - xorg-libx11 >=1.8.9,<2.0a0
  - xorg-libxfixes >=6.0.1,<7.0a0
  license: MIT
  license_family: MIT
  size: 13982
  timestamp: 1727884626338
- kind: conda
  name: xorg-libxcursor
  version: 1.2.2
  build: h86ecc28_0
  subdir: linux-aarch64
  url: https://conda.anaconda.org/conda-forge/linux-aarch64/xorg-libxcursor-1.2.2-h86ecc28_0.conda
  sha256: fc873c909245b7cb613d3a76350221774297fdb70fcb8d7feedd16cf4c5aa9a6
  md5: d4e9a277c7bdba9464a52712d788226a
  depends:
  - libgcc >=13
  - xorg-libx11 >=1.8.9,<2.0a0
  - xorg-libxfixes >=6.0.0,<7.0a0
  - xorg-libxrender >=0.9.11,<0.10.0a0
  license: MIT
  license_family: MIT
  size: 33581
  timestamp: 1727796913324
- kind: conda
  name: xorg-libxdamage
  version: 1.1.6
  build: h86ecc28_0
  subdir: linux-aarch64
  url: https://conda.anaconda.org/conda-forge/linux-aarch64/xorg-libxdamage-1.1.6-h86ecc28_0.conda
  sha256: 3afaa2f43eb4cb679fc0c3d9d7c50f0f2c80cc5d3df01d5d5fd60655d0bfa9be
  md5: d5773c4e4d64428d7ddaa01f6f845dc7
  depends:
  - libgcc >=13
  - xorg-libx11 >=1.8.9,<2.0a0
  - xorg-libxext >=1.3.6,<2.0a0
  - xorg-libxfixes >=6.0.1,<7.0a0
  license: MIT
  license_family: MIT
  size: 13794
  timestamp: 1727891406431
- kind: conda
  name: xorg-libxdmcp
  version: 1.1.5
  build: h57736b2_0
  subdir: linux-aarch64
  url: https://conda.anaconda.org/conda-forge/linux-aarch64/xorg-libxdmcp-1.1.5-h57736b2_0.conda
  sha256: efcc150da5926cf244f757b8376d96a4db78bc15b8d90ca9f56ac6e75755971f
  md5: 25a5a7b797fe6e084e04ffe2db02fc62
  depends:
  - libgcc >=13
  license: MIT
  license_family: MIT
  size: 20615
  timestamp: 1727796660574
- kind: conda
  name: xorg-libxext
  version: 1.3.6
  build: h57736b2_0
  subdir: linux-aarch64
  url: https://conda.anaconda.org/conda-forge/linux-aarch64/xorg-libxext-1.3.6-h57736b2_0.conda
  sha256: 8e216b024f52e367463b4173f237af97cf7053c77d9ce3e958bc62473a053f71
  md5: bd1e86dd8aa3afd78a4bfdb4ef918165
  depends:
  - libgcc >=13
  - xorg-libx11 >=1.8.9,<2.0a0
  license: MIT
  license_family: MIT
  size: 50746
  timestamp: 1727754268156
- kind: conda
  name: xorg-libxfixes
  version: 6.0.1
  build: h57736b2_0
  subdir: linux-aarch64
  url: https://conda.anaconda.org/conda-forge/linux-aarch64/xorg-libxfixes-6.0.1-h57736b2_0.conda
  sha256: f5c71e0555681a82a65c483374b91d91b2cb9a9903b3a22ddc00f36719fce549
  md5: 78f8715c002cc66991d7c11e3cf66039
  depends:
  - libgcc >=13
  - xorg-libx11 >=1.8.9,<2.0a0
  license: MIT
  license_family: MIT
  size: 20289
  timestamp: 1727796500830
- kind: conda
  name: xorg-libxi
  version: 1.8.2
  build: h57736b2_0
  subdir: linux-aarch64
  url: https://conda.anaconda.org/conda-forge/linux-aarch64/xorg-libxi-1.8.2-h57736b2_0.conda
  sha256: 7b587407ecb9ccd2bbaf0fb94c5dbdde4d015346df063e9502dc0ce2b682fb5e
  md5: eeee3bdb31c6acde2b81ad1b8c287087
  depends:
  - libgcc >=13
  - xorg-libx11 >=1.8.9,<2.0a0
  - xorg-libxext >=1.3.6,<2.0a0
  - xorg-libxfixes >=6.0.1,<7.0a0
  license: MIT
  license_family: MIT
  size: 48197
  timestamp: 1727801059062
- kind: conda
  name: xorg-libxinerama
  version: 1.1.5
  build: h5ad3122_1
  build_number: 1
  subdir: linux-aarch64
  url: https://conda.anaconda.org/conda-forge/linux-aarch64/xorg-libxinerama-1.1.5-h5ad3122_1.conda
  sha256: 5f84f820397db504e187754665d48d385e0a2a49f07ffc2372c7f42fa36dd972
  md5: a7b99f104e14b99ca773d2fe2d195585
  depends:
  - libgcc >=13
  - libstdcxx >=13
  - xorg-libx11 >=1.8.9,<2.0a0
  - xorg-libxext >=1.3.6,<2.0a0
  license: MIT
  license_family: MIT
  size: 14388
  timestamp: 1727908606602
- kind: conda
  name: xorg-libxrandr
  version: 1.5.4
  build: h86ecc28_0
  subdir: linux-aarch64
  url: https://conda.anaconda.org/conda-forge/linux-aarch64/xorg-libxrandr-1.5.4-h86ecc28_0.conda
  sha256: b2588a2b101d1b0a4e852532c8b9c92c59ef584fc762dd700567bdbf8cd00650
  md5: dd3e74283a082381aa3860312e3c721e
  depends:
  - libgcc >=13
  - xorg-libx11 >=1.8.9,<2.0a0
  - xorg-libxext >=1.3.6,<2.0a0
  - xorg-libxrender >=0.9.11,<0.10.0a0
  license: MIT
  license_family: MIT
  size: 30197
  timestamp: 1727794957221
- kind: conda
  name: xorg-libxrender
  version: 0.9.11
  build: h57736b2_1
  build_number: 1
  subdir: linux-aarch64
  url: https://conda.anaconda.org/conda-forge/linux-aarch64/xorg-libxrender-0.9.11-h57736b2_1.conda
  sha256: 50c000a26e828313b668902c2ae5ff7956d9d34418b4fc6fc15f73cba31b45e0
  md5: 19fb476dc5cdd51b67719a6342fab237
  depends:
  - libgcc >=13
  - xorg-libx11 >=1.8.9,<2.0a0
  - xorg-xorgproto
  license: MIT
  license_family: MIT
  size: 38052
  timestamp: 1727530023529
- kind: conda
  name: xorg-libxtst
  version: 1.2.5
  build: h57736b2_3
  build_number: 3
  subdir: linux-aarch64
  url: https://conda.anaconda.org/conda-forge/linux-aarch64/xorg-libxtst-1.2.5-h57736b2_3.conda
  sha256: 6eaffce5a34fc0a16a21ddeaefb597e792a263b1b0c387c1ce46b0a967d558e1
  md5: c05698071b5c8e0da82a282085845860
  depends:
  - libgcc >=13
  - xorg-libx11 >=1.8.9,<2.0a0
  - xorg-libxext >=1.3.6,<2.0a0
  - xorg-libxi >=1.7.10,<2.0a0
  license: MIT
  license_family: MIT
  size: 33786
  timestamp: 1727964907993
- kind: conda
  name: xorg-xorgproto
  version: '2024.1'
  build: h86ecc28_1
  build_number: 1
  subdir: linux-aarch64
  url: https://conda.anaconda.org/conda-forge/linux-aarch64/xorg-xorgproto-2024.1-h86ecc28_1.conda
  sha256: 3dbbf4cdb5ad82d3479ab2aa68ae67de486a6d57d67f0402d8e55869f6f13aec
  md5: 91cef7867bf2b47f614597b59705ff56
  depends:
  - libgcc >=13
  license: MIT
  license_family: MIT
  size: 566948
  timestamp: 1726847598167
- kind: conda
  name: xz
  version: 5.2.6
  build: h9cdd2b7_0
  subdir: linux-aarch64
  url: https://conda.anaconda.org/conda-forge/linux-aarch64/xz-5.2.6-h9cdd2b7_0.tar.bz2
  sha256: 93f58a7b393adf41fa007ac8c55978765e957e90cd31877ece1e5a343cb98220
  md5: 83baad393a31d59c20b63ba4da6592df
  depends:
  - libgcc-ng >=12
  license: LGPL-2.1 and GPL-2.0
  size: 440555
  timestamp: 1660348056328
- kind: conda
  name: zlib
  version: 1.3.1
  build: h86ecc28_2
  build_number: 2
  subdir: linux-aarch64
  url: https://conda.anaconda.org/conda-forge/linux-aarch64/zlib-1.3.1-h86ecc28_2.conda
  sha256: b4f649aa3ecdae384d5dad7074e198bff120edd3dfb816588e31738fc6d627b1
  md5: bc230abb5d21b63ff4799b0e75204783
  depends:
  - libgcc >=13
  - libzlib 1.3.1 h86ecc28_2
  license: Zlib
  license_family: Other
  size: 95582
  timestamp: 1727963203597
- kind: conda
  name: zstd
  version: 1.5.6
  build: h02f22dd_0
  subdir: linux-aarch64
  url: https://conda.anaconda.org/conda-forge/linux-aarch64/zstd-1.5.6-h02f22dd_0.conda
  sha256: 484f9d0722c77685ae379fbff3ccd662af9ead7e59eb39cd6d0c677cdf25ff6c
  md5: be8d5f8cf21aed237b8b182ea86b3dd6
  depends:
  - libgcc-ng >=12
  - libstdcxx-ng >=12
  - libzlib >=1.2.13,<2.0.0a0
  license: BSD-3-Clause
  license_family: BSD
  size: 539937
  timestamp: 1714723130243
