version: 5
environments:
  default:
    channels:
    - url: https://conda.anaconda.org/conda-forge/
    packages:
      linux-aarch64:
      - conda: https://conda.anaconda.org/conda-forge/linux-aarch64/_go_select-2.3.0-cgo.tar.bz2
      - conda: https://conda.anaconda.org/conda-forge/linux-aarch64/_openmp_mutex-4.5-2_gnu.tar.bz2
      - conda: https://conda.anaconda.org/conda-forge/linux-aarch64/go-1.23.2-h171d717_0.conda
      - conda: https://conda.anaconda.org/conda-forge/linux-aarch64/libgcc-14.2.0-he277a41_1.conda
      - conda: https://conda.anaconda.org/conda-forge/linux-aarch64/libgfortran-14.2.0-he9431aa_1.conda
      - conda: https://conda.anaconda.org/conda-forge/linux-aarch64/libgfortran5-14.2.0-hb6113d0_1.conda
      - conda: https://conda.anaconda.org/conda-forge/linux-aarch64/libgomp-14.2.0-he277a41_1.conda
      - conda: https://conda.anaconda.org/conda-forge/linux-aarch64/libstdcxx-14.2.0-h3f4de04_1.conda
packages:
- kind: conda
  name: _go_select
  version: 2.3.0
  build: cgo
  subdir: linux-aarch64
  url: https://conda.anaconda.org/conda-forge/linux-aarch64/_go_select-2.3.0-cgo.tar.bz2
  sha256: 7042df9dac5b6020e5690eda1b1b3baac9c9150db6e67dec79117bb8c9925d24
  md5: 4f48594a3081a17d986815e90eb33a0e
  license: BSD-3-Clause
  license_family: BSD
  size: 4903
  timestamp: 1586662599344
- kind: conda
  name: _openmp_mutex
  version: '4.5'
  build: 2_gnu
  build_number: 16
  subdir: linux-aarch64
  url: https://conda.anaconda.org/conda-forge/linux-aarch64/_openmp_mutex-4.5-2_gnu.tar.bz2
  sha256: 3702bef2f0a4d38bd8288bbe54aace623602a1343c2cfbefd3fa188e015bebf0
  md5: 6168d71addc746e8f2b8d57dfd2edcea
  depends:
  - libgomp >=7.5.0
  constrains:
  - openmp_impl 9999
  license: BSD-3-Clause
  license_family: BSD
  size: 23712
  timestamp: 1650670790230
- kind: conda
  name: go
  version: 1.23.2
  build: h171d717_0
  subdir: linux-aarch64
  url: https://conda.anaconda.org/conda-forge/linux-aarch64/go-1.23.2-h171d717_0.conda
  sha256: 81e69284739dbff2d3566023b8ba1887fd0f10b27ea5eec27dcda7b8e70d8d0e
  md5: fa9bb13ab79a55e7697aec80ba96d584
  depends:
  - _go_select ==2.3.0 cgo
  - libgcc >=13
  - libgfortran
  - libgfortran5 >=13.3.0
  - libstdcxx >=13
  constrains:
  - gxx_linux-aarch64 13.*
  - gcc_linux-aarch64 13.*
  - gfortran_linux-aarch64 13.*
  license: BSD-3-Clause
  license_family: BSD
  size: 90622258
  timestamp: 1727843008344
- kind: conda
  name: libgcc
  version: 14.2.0
  build: he277a41_1
  build_number: 1
  subdir: linux-aarch64
  url: https://conda.anaconda.org/conda-forge/linux-aarch64/libgcc-14.2.0-he277a41_1.conda
  sha256: 5d56757ccad208c79214395b00d006d8d18929a4ba49c47bd9460789a7620943
  md5: 511b511c5445e324066c3377481bcab8
  depends:
  - _openmp_mutex >=4.5
  constrains:
  - libgcc-ng ==14.2.0=*_1
  - libgomp 14.2.0 he277a41_1
  license: GPL-3.0-only WITH GCC-exception-3.1
  license_family: GPL
  size: 535243
  timestamp: 1729089435134
- kind: conda
  name: libgfortran
  version: 14.2.0
  build: he9431aa_1
  build_number: 1
  subdir: linux-aarch64
  url: https://conda.anaconda.org/conda-forge/linux-aarch64/libgfortran-14.2.0-he9431aa_1.conda
  sha256: cb66e411fa32a5c6040f4e5e2a63c00897aae4c3133a9c004c2e929ccf19575b
  md5: 0294b92d2f47a240bebb1e3336b495f1
  depends:
  - libgfortran5 14.2.0 hb6113d0_1
  constrains:
  - libgfortran-ng ==14.2.0=*_1
  license: GPL-3.0-only WITH GCC-exception-3.1
  license_family: GPL
  size: 54105
  timestamp: 1729089471124
- kind: conda
  name: libgfortran5
  version: 14.2.0
  build: hb6113d0_1
  build_number: 1
  subdir: linux-aarch64
  url: https://conda.anaconda.org/conda-forge/linux-aarch64/libgfortran5-14.2.0-hb6113d0_1.conda
  sha256: a87ff46d19916403cbf68cf1d785bf56b4d1ab7b2552468d2ea775d70782493f
  md5: fc068e11b10e18f184e027782baa12b6
  depends:
  - libgcc >=14.2.0
  constrains:
  - libgfortran 14.2.0
  license: GPL-3.0-only WITH GCC-exception-3.1
  license_family: GPL
  size: 1102158
  timestamp: 1729089452640
- kind: conda
  name: libgomp
  version: 14.2.0
  build: he277a41_1
  build_number: 1
  subdir: linux-aarch64
  url: https://conda.anaconda.org/conda-forge/linux-aarch64/libgomp-14.2.0-he277a41_1.conda
  sha256: 5aa53874a5e57a00f2e0c2e2910684eb674429cd5fcb803619b226a73e89aedf
  md5: 376f0e73abbda6d23c0cb749adc195ef
  license: GPL-3.0-only WITH GCC-exception-3.1
  license_family: GPL
  size: 463521
  timestamp: 1729089357313
- kind: conda
  name: libstdcxx
  version: 14.2.0
  build: h3f4de04_1
  build_number: 1
  subdir: linux-aarch64
  url: https://conda.anaconda.org/conda-forge/linux-aarch64/libstdcxx-14.2.0-h3f4de04_1.conda
  sha256: 519556d2c93f1b487091ce046d62e762286177f4a670ec10e16005177d0bcab3
  md5: 37f489acd39e22b623d2d1e5ac6d195c
  depends:
  - libgcc 14.2.0 he277a41_1
  license: GPL-3.0-only WITH GCC-exception-3.1
  license_family: GPL
  size: 3816794
  timestamp: 1729089463404
